
Microsoft Visual Studio Solution File, Format Version 12.00
# Visual Studio Version 16
VisualStudioVersion = 16.0.30804.86
MinimumVisualStudioVersion = 10.0.40219.1
Project("{FAE04EC0-301F-11D3-BF4B-00C04F79EFBC}") = "merlin", "merlin\merlin.csproj", "{45BBF495-3620-454A-8A57-4D8A3780A526}"
EndProject
Global
	GlobalSection(SolutionConfigurationPlatforms) = preSolution
		Debug|Any CPU = Debug|Any CPU
		Release|Any CPU = Release|Any CPU
	EndGlobalSection
	GlobalSection(ProjectConfigurationPlatforms) = postSolution
		{45BBF495-3620-454A-8A57-4D8A3780A526}.Debug|Any CPU.ActiveCfg = Debug|Any CPU
		{45BBF495-3620-454A-8A57-4D8A3780A526}.Debug|Any CPU.Build.0 = Debug|Any CPU
		{45BBF495-3620-454A-8A57-4D8A3780A526}.Release|Any CPU.ActiveCfg = Release|Any CPU
		{45BBF495-3620-454A-8A57-4D8A3780A526}.Release|Any CPU.Build.0 = Release|Any CPU
	EndGlobalSection
	GlobalSection(SolutionProperties) = preSolution
		HideSolutionNode = FALSE
	EndGlobalSection
	GlobalSection(ExtensibilityGlobals) = postSolution
		SolutionGuid = {577262D9-66E4-4415-9A1A-004CC8A8D797}
	EndGlobalSection
EndGlobal
